
Microsoft Visual Studio Solution File, Format Version 12.00
# Visual Studio Version 17
VisualStudioVersion = 17.3.32922.545
MinimumVisualStudioVersion = 10.0.40219.1
Project("{8BC9CEB8-8B4A-11D0-8D11-00A0C91BC942}") = "Widgets_Test", "Widgets_Test\Widgets_Test.vcxproj", "{9B6B0DEF-3729-456A-BCFB-09A2C963E784}"
EndProject
Project("{8BC9CEB8-8B4A-11D0-8D11-00A0C91BC942}") = "Quick_Test", "Quick_Test\Quick_Test.vcxproj", "{45B55FD1-3FF3-420B-89EA-1CADDEE91347}"
EndProject
Project("{8BC9CEB8-8B4A-11D0-8D11-00A0C91BC942}") = "Console_Test", "Console_Test\Console_Test.vcxproj", "{AC88C38A-7EFD-45F2-BC97-6BF9FD7FFCD0}"
EndProject
Global
	GlobalSection(SolutionConfigurationPlatforms) = preSolution
		Debug|x64 = Debug|x64
		Release|x64 = Release|x64
	EndGlobalSection
	GlobalSection(ProjectConfigurationPlatforms) = postSolution
		{9B6B0DEF-3729-456A-BCFB-09A2C963E784}.Debug|x64.ActiveCfg = Debug|x64
		{9B6B0DEF-3729-456A-BCFB-09A2C963E784}.Debug|x64.Build.0 = Debug|x64
		{9B6B0DEF-3729-456A-BCFB-09A2C963E784}.Release|x64.ActiveCfg = Release|x64
		{9B6B0DEF-3729-456A-BCFB-09A2C963E784}.Release|x64.Build.0 = Release|x64
		{45B55FD1-3FF3-420B-89EA-1CADDEE91347}.Debug|x64.ActiveCfg = Debug|x64
		{45B55FD1-3FF3-420B-89EA-1CADDEE91347}.Debug|x64.Build.0 = Debug|x64
		{45B55FD1-3FF3-420B-89EA-1CADDEE91347}.Release|x64.ActiveCfg = Release|x64
		{45B55FD1-3FF3-420B-89EA-1CADDEE91347}.Release|x64.Build.0 = Release|x64
		{AC88C38A-7EFD-45F2-BC97-6BF9FD7FFCD0}.Debug|x64.ActiveCfg = Debug|x64
		{AC88C38A-7EFD-45F2-BC97-6BF9FD7FFCD0}.Debug|x64.Build.0 = Debug|x64
		{AC88C38A-7EFD-45F2-BC97-6BF9FD7FFCD0}.Release|x64.ActiveCfg = Release|x64
		{AC88C38A-7EFD-45F2-BC97-6BF9FD7FFCD0}.Release|x64.Build.0 = Release|x64
	EndGlobalSection
	GlobalSection(SolutionProperties) = preSolution
		HideSolutionNode = FALSE
	EndGlobalSection
	GlobalSection(ExtensibilityGlobals) = postSolution
		SolutionGuid = {76A594B9-2BA5-460B-AB77-BBB707BE07A1}
	EndGlobalSection
EndGlobal
